# THIS IS AN AUTOGENERATED FILE. DO NOT EDIT THIS FILE DIRECTLY.
# yarn lockfile v1


tailwindcss@^4.1.6:
  version "4.1.6"
  resolved "https://registry.npmjs.org/tailwindcss/-/tailwindcss-4.1.6.tgz"
  integrity sha512-j0cGLTreM6u4OWzBeLBpycK0WIh8w7kSwcUsQZoGLHZ7xDTdM69lN64AgoIEEwFi0tnhs4wSykUa5YWxAzgFYg==
